{
  "object": {
    "pins": [
      {
        "package": "CoreNetwork",
        "repositoryURL": "https://github.com/ricarlo-silva/core-network-ios",
        "state": {
          "branch": "main",
          "revision": "af244f509abe193e3a31f5092ef49c6258cd6f3a",
          "version": null
        }
      },
      {
        "package": "TrustKit",
        "repositoryURL": "https://github.com/datatheorem/TrustKit.git",
        "state": {
          "branch": null,
          "revision": "3e98aeb36aff65067cdae55bca7be7f1157deffb",
          "version": "2.0.0"
        }
      }
    ]
  },
  "version": 1
}
